
Microsoft Visual Studio Solution File, Format Version 12.00
# Visual Studio Version 17
VisualStudioVersion = 17.13.35931.197
MinimumVisualStudioVersion = 10.0.40219.1
Project("{2150E333-8FDC-42A3-9474-1A3956D46DE8}") = "Week1", "Week1", "{02EA681E-C7D8-13C7-8484-4AC65E1B71E8}"
EndProject
Project("{FAE04EC0-301F-11D3-BF4B-00C04F79EFBC}") = "PlusMinus", "Week1\PlusMinus\PlusMinus.csproj", "{268C0230-4E26-4CAE-ADD8-DC0DB4D05618}"
EndProject
Project("{FAE04EC0-301F-11D3-BF4B-00C04F79EFBC}") = "miniMaxSum", "Week1\miniMaxSum\miniMaxSum.csproj", "{71092E7E-C130-4009-9493-5A907BC4521E}"
EndProject
Project("{2150E333-8FDC-42A3-9474-1A3956D46DE8}") = "Çözüm Öğeleri", "Çözüm Öğeleri", "{AC80F682-3D55-C8F8-4895-A4A9EDD49434}"
	ProjectSection(SolutionItems) = preProject
		.gitignore = .gitignore
	EndProjectSection
EndProject
Project("{FAE04EC0-301F-11D3-BF4B-00C04F79EFBC}") = "TimeConversion", "Week1\TimeConversion\TimeConversion.csproj", "{C7F7FB02-A45D-46E9-921B-E5CB59D6DF81}"
EndProject
Project("{FAE04EC0-301F-11D3-BF4B-00C04F79EFBC}") = "CamelCase4", "Week1\CamelCase4\CamelCase4.csproj", "{EBDCDFD1-A99A-4132-AC64-69C36454BF2A}"
EndProject
Project("{FAE04EC0-301F-11D3-BF4B-00C04F79EFBC}") = "divisible-sum-pairs", "Week1\divisible-sum-pairs\divisible-sum-pairs.csproj", "{9E6F4EB6-6671-4C9D-AFAE-F05CF10CA472}"
EndProject
Project("{FAE04EC0-301F-11D3-BF4B-00C04F79EFBC}") = "BreakingTheRecords", "Week1\BreakingTheRecords\BreakingTheRecords.csproj", "{0B4A7A41-3F96-49EE-B6D1-75097B670905}"
EndProject
Project("{FAE04EC0-301F-11D3-BF4B-00C04F79EFBC}") = "SparseArrays", "Week1\SparseArrays\SparseArrays.csproj", "{D5B6E32E-0E67-4041-8A4A-D4DF1C097696}"
EndProject
Project("{FAE04EC0-301F-11D3-BF4B-00C04F79EFBC}") = "fizzBuzz", "Week1\fizzBuzz\fizzBuzz.csproj", "{DCDDEB6B-1AD6-4AC7-9E2D-19DE096AC20D}"
EndProject
Global
	GlobalSection(SolutionConfigurationPlatforms) = preSolution
		Debug|Any CPU = Debug|Any CPU
		Release|Any CPU = Release|Any CPU
	EndGlobalSection
	GlobalSection(ProjectConfigurationPlatforms) = postSolution
		{268C0230-4E26-4CAE-ADD8-DC0DB4D05618}.Debug|Any CPU.ActiveCfg = Debug|Any CPU
		{268C0230-4E26-4CAE-ADD8-DC0DB4D05618}.Debug|Any CPU.Build.0 = Debug|Any CPU
		{268C0230-4E26-4CAE-ADD8-DC0DB4D05618}.Release|Any CPU.ActiveCfg = Release|Any CPU
		{268C0230-4E26-4CAE-ADD8-DC0DB4D05618}.Release|Any CPU.Build.0 = Release|Any CPU
		{71092E7E-C130-4009-9493-5A907BC4521E}.Debug|Any CPU.ActiveCfg = Debug|Any CPU
		{71092E7E-C130-4009-9493-5A907BC4521E}.Debug|Any CPU.Build.0 = Debug|Any CPU
		{71092E7E-C130-4009-9493-5A907BC4521E}.Release|Any CPU.ActiveCfg = Release|Any CPU
		{71092E7E-C130-4009-9493-5A907BC4521E}.Release|Any CPU.Build.0 = Release|Any CPU
		{C7F7FB02-A45D-46E9-921B-E5CB59D6DF81}.Debug|Any CPU.ActiveCfg = Debug|Any CPU
		{C7F7FB02-A45D-46E9-921B-E5CB59D6DF81}.Debug|Any CPU.Build.0 = Debug|Any CPU
		{C7F7FB02-A45D-46E9-921B-E5CB59D6DF81}.Release|Any CPU.ActiveCfg = Release|Any CPU
		{C7F7FB02-A45D-46E9-921B-E5CB59D6DF81}.Release|Any CPU.Build.0 = Release|Any CPU
		{EBDCDFD1-A99A-4132-AC64-69C36454BF2A}.Debug|Any CPU.ActiveCfg = Debug|Any CPU
		{EBDCDFD1-A99A-4132-AC64-69C36454BF2A}.Debug|Any CPU.Build.0 = Debug|Any CPU
		{EBDCDFD1-A99A-4132-AC64-69C36454BF2A}.Release|Any CPU.ActiveCfg = Release|Any CPU
		{EBDCDFD1-A99A-4132-AC64-69C36454BF2A}.Release|Any CPU.Build.0 = Release|Any CPU
		{9E6F4EB6-6671-4C9D-AFAE-F05CF10CA472}.Debug|Any CPU.ActiveCfg = Debug|Any CPU
		{9E6F4EB6-6671-4C9D-AFAE-F05CF10CA472}.Debug|Any CPU.Build.0 = Debug|Any CPU
		{9E6F4EB6-6671-4C9D-AFAE-F05CF10CA472}.Release|Any CPU.ActiveCfg = Release|Any CPU
		{9E6F4EB6-6671-4C9D-AFAE-F05CF10CA472}.Release|Any CPU.Build.0 = Release|Any CPU
		{0B4A7A41-3F96-49EE-B6D1-75097B670905}.Debug|Any CPU.ActiveCfg = Debug|Any CPU
		{0B4A7A41-3F96-49EE-B6D1-75097B670905}.Debug|Any CPU.Build.0 = Debug|Any CPU
		{0B4A7A41-3F96-49EE-B6D1-75097B670905}.Release|Any CPU.ActiveCfg = Release|Any CPU
		{0B4A7A41-3F96-49EE-B6D1-75097B670905}.Release|Any CPU.Build.0 = Release|Any CPU
		{D5B6E32E-0E67-4041-8A4A-D4DF1C097696}.Debug|Any CPU.ActiveCfg = Debug|Any CPU
		{D5B6E32E-0E67-4041-8A4A-D4DF1C097696}.Debug|Any CPU.Build.0 = Debug|Any CPU
		{D5B6E32E-0E67-4041-8A4A-D4DF1C097696}.Release|Any CPU.ActiveCfg = Release|Any CPU
		{D5B6E32E-0E67-4041-8A4A-D4DF1C097696}.Release|Any CPU.Build.0 = Release|Any CPU
		{DCDDEB6B-1AD6-4AC7-9E2D-19DE096AC20D}.Debug|Any CPU.ActiveCfg = Debug|Any CPU
		{DCDDEB6B-1AD6-4AC7-9E2D-19DE096AC20D}.Debug|Any CPU.Build.0 = Debug|Any CPU
		{DCDDEB6B-1AD6-4AC7-9E2D-19DE096AC20D}.Release|Any CPU.ActiveCfg = Release|Any CPU
		{DCDDEB6B-1AD6-4AC7-9E2D-19DE096AC20D}.Release|Any CPU.Build.0 = Release|Any CPU
	EndGlobalSection
	GlobalSection(SolutionProperties) = preSolution
		HideSolutionNode = FALSE
	EndGlobalSection
	GlobalSection(NestedProjects) = preSolution
		{268C0230-4E26-4CAE-ADD8-DC0DB4D05618} = {02EA681E-C7D8-13C7-8484-4AC65E1B71E8}
		{71092E7E-C130-4009-9493-5A907BC4521E} = {02EA681E-C7D8-13C7-8484-4AC65E1B71E8}
		{C7F7FB02-A45D-46E9-921B-E5CB59D6DF81} = {02EA681E-C7D8-13C7-8484-4AC65E1B71E8}
		{EBDCDFD1-A99A-4132-AC64-69C36454BF2A} = {02EA681E-C7D8-13C7-8484-4AC65E1B71E8}
		{9E6F4EB6-6671-4C9D-AFAE-F05CF10CA472} = {02EA681E-C7D8-13C7-8484-4AC65E1B71E8}
		{0B4A7A41-3F96-49EE-B6D1-75097B670905} = {02EA681E-C7D8-13C7-8484-4AC65E1B71E8}
		{D5B6E32E-0E67-4041-8A4A-D4DF1C097696} = {02EA681E-C7D8-13C7-8484-4AC65E1B71E8}
		{DCDDEB6B-1AD6-4AC7-9E2D-19DE096AC20D} = {02EA681E-C7D8-13C7-8484-4AC65E1B71E8}
	EndGlobalSection
	GlobalSection(ExtensibilityGlobals) = postSolution
		SolutionGuid = {FA12CB15-F0E1-47E7-9F5A-8F9DF6E110D4}
	EndGlobalSection
EndGlobal
